
Microsoft Visual Studio Solution File, Format Version 12.00
# Visual Studio Version 16
VisualStudioVersion = 16.0.29215.179
MinimumVisualStudioVersion = 10.0.40219.1
Project("{FAE04EC0-301F-11D3-BF4B-00C04F79EFBC}") = "CopySqlServerToPostgresql", "CopySqlServerToPostgresql.csproj", "{539AE879-0B40-4652-BDB4-A530906E9920}"
EndProject
Project("{2150E333-8FDC-42A3-9474-1A3956D46DE8}") = "Solution Items", "Solution Items", "{9E05FFB3-953F-4438-B7BF-53B0952CFFBB}"
	ProjectSection(SolutionItems) = preProject
		CopySqlServerToPostgresql.vsext = CopySqlServerToPostgresql.vsext
	EndProjectSection
EndProject
Global
	GlobalSection(SolutionConfigurationPlatforms) = preSolution
		Debug|Any CPU = Debug|Any CPU
		Release|Any CPU = Release|Any CPU
	EndGlobalSection
	GlobalSection(ProjectConfigurationPlatforms) = postSolution
		{539AE879-0B40-4652-BDB4-A530906E9920}.Debug|Any CPU.ActiveCfg = Debug|Any CPU
		{539AE879-0B40-4652-BDB4-A530906E9920}.Debug|Any CPU.Build.0 = Debug|Any CPU
		{539AE879-0B40-4652-BDB4-A530906E9920}.Release|Any CPU.ActiveCfg = Release|Any CPU
		{539AE879-0B40-4652-BDB4-A530906E9920}.Release|Any CPU.Build.0 = Release|Any CPU
	EndGlobalSection
	GlobalSection(SolutionProperties) = preSolution
		HideSolutionNode = FALSE
	EndGlobalSection
	GlobalSection(ExtensibilityGlobals) = postSolution
		SolutionGuid = {8CA26ED2-E384-45A0-8CE4-7ADCC18A871C}
	EndGlobalSection
EndGlobal
