
Microsoft Visual Studio Solution File, Format Version 12.00
# Visual Studio Version 16
VisualStudioVersion = 16.0.28729.10
MinimumVisualStudioVersion = 10.0.40219.1
Project("{9A19103F-16F7-4668-BE54-9A1E7A4F7556}") = "CacheManager", "CacheManager\CacheManager.csproj", "{B6A946A7-1099-4940-92B2-147935AC7A95}"
EndProject
Project("{2150E333-8FDC-42A3-9474-1A3956D46DE8}") = "API", "API", "{F27655F5-2E1F-430A-88AE-2D047BC230DA}"
EndProject
Project("{2150E333-8FDC-42A3-9474-1A3956D46DE8}") = "DB", "DB", "{C9967036-5B50-4FF7-B7D9-B7499D85D600}"
EndProject
Project("{2150E333-8FDC-42A3-9474-1A3956D46DE8}") = "Model", "Model", "{70EED0B6-848B-4A5D-9CEA-F837F340D609}"
EndProject
Project("{2150E333-8FDC-42A3-9474-1A3956D46DE8}") = "Repo", "Repo", "{69B045C9-4744-4785-8498-A3881B8FFFE5}"
EndProject
Project("{2150E333-8FDC-42A3-9474-1A3956D46DE8}") = "Repo.Interfaces", "Repo.Interfaces", "{445521B4-B869-4F0E-8852-BADC1A727D67}"
EndProject
Project("{2150E333-8FDC-42A3-9474-1A3956D46DE8}") = "Core", "Core", "{426C02B7-0F1B-4F27-BA13-806AB7E1A828}"
EndProject
Project("{9A19103F-16F7-4668-BE54-9A1E7A4F7556}") = "Repository.Interfaces", "Repository.Interfaces\Repository.Interfaces.csproj", "{72408FEE-D893-481B-83B4-60ECD1270B7D}"
EndProject
Project("{9A19103F-16F7-4668-BE54-9A1E7A4F7556}") = "Repository", "Repository\Repository.csproj", "{93F5F2E9-1D22-4C98-AEAC-7CD175AD714F}"
EndProject
Project("{9A19103F-16F7-4668-BE54-9A1E7A4F7556}") = "Database", "Database\Database.csproj", "{9E8AFD3F-51D8-4849-8A34-D2BF6CED2067}"
EndProject
Project("{9A19103F-16F7-4668-BE54-9A1E7A4F7556}") = "Core.Helpers", "Core.Helpers\Core.Helpers.csproj", "{90F9D858-A42F-4B07-B6F6-99585C810C87}"
EndProject
Project("{9A19103F-16F7-4668-BE54-9A1E7A4F7556}") = "DataModel", "DataModel\DataModel.csproj", "{D2781771-2EE9-42F7-AE57-1AFE3A3227D8}"
EndProject
Project("{9A19103F-16F7-4668-BE54-9A1E7A4F7556}") = "Core.Helper2", "Core.Helper2\Core.Helper2.csproj", "{4A49F162-30EB-406E-B2BC-482ABB923DF7}"
EndProject
Global
	GlobalSection(SolutionConfigurationPlatforms) = preSolution
		Debug|Any CPU = Debug|Any CPU
		Release|Any CPU = Release|Any CPU
	EndGlobalSection
	GlobalSection(ProjectConfigurationPlatforms) = postSolution
		{B6A946A7-1099-4940-92B2-147935AC7A95}.Debug|Any CPU.ActiveCfg = Debug|Any CPU
		{B6A946A7-1099-4940-92B2-147935AC7A95}.Debug|Any CPU.Build.0 = Debug|Any CPU
		{B6A946A7-1099-4940-92B2-147935AC7A95}.Release|Any CPU.ActiveCfg = Release|Any CPU
		{B6A946A7-1099-4940-92B2-147935AC7A95}.Release|Any CPU.Build.0 = Release|Any CPU
		{72408FEE-D893-481B-83B4-60ECD1270B7D}.Debug|Any CPU.ActiveCfg = Debug|Any CPU
		{72408FEE-D893-481B-83B4-60ECD1270B7D}.Debug|Any CPU.Build.0 = Debug|Any CPU
		{72408FEE-D893-481B-83B4-60ECD1270B7D}.Release|Any CPU.ActiveCfg = Release|Any CPU
		{72408FEE-D893-481B-83B4-60ECD1270B7D}.Release|Any CPU.Build.0 = Release|Any CPU
		{93F5F2E9-1D22-4C98-AEAC-7CD175AD714F}.Debug|Any CPU.ActiveCfg = Debug|Any CPU
		{93F5F2E9-1D22-4C98-AEAC-7CD175AD714F}.Debug|Any CPU.Build.0 = Debug|Any CPU
		{93F5F2E9-1D22-4C98-AEAC-7CD175AD714F}.Release|Any CPU.ActiveCfg = Release|Any CPU
		{93F5F2E9-1D22-4C98-AEAC-7CD175AD714F}.Release|Any CPU.Build.0 = Release|Any CPU
		{9E8AFD3F-51D8-4849-8A34-D2BF6CED2067}.Debug|Any CPU.ActiveCfg = Debug|Any CPU
		{9E8AFD3F-51D8-4849-8A34-D2BF6CED2067}.Debug|Any CPU.Build.0 = Debug|Any CPU
		{9E8AFD3F-51D8-4849-8A34-D2BF6CED2067}.Release|Any CPU.ActiveCfg = Release|Any CPU
		{9E8AFD3F-51D8-4849-8A34-D2BF6CED2067}.Release|Any CPU.Build.0 = Release|Any CPU
		{90F9D858-A42F-4B07-B6F6-99585C810C87}.Debug|Any CPU.ActiveCfg = Debug|Any CPU
		{90F9D858-A42F-4B07-B6F6-99585C810C87}.Debug|Any CPU.Build.0 = Debug|Any CPU
		{90F9D858-A42F-4B07-B6F6-99585C810C87}.Release|Any CPU.ActiveCfg = Release|Any CPU
		{90F9D858-A42F-4B07-B6F6-99585C810C87}.Release|Any CPU.Build.0 = Release|Any CPU
		{D2781771-2EE9-42F7-AE57-1AFE3A3227D8}.Debug|Any CPU.ActiveCfg = Debug|Any CPU
		{D2781771-2EE9-42F7-AE57-1AFE3A3227D8}.Debug|Any CPU.Build.0 = Debug|Any CPU
		{D2781771-2EE9-42F7-AE57-1AFE3A3227D8}.Release|Any CPU.ActiveCfg = Release|Any CPU
		{D2781771-2EE9-42F7-AE57-1AFE3A3227D8}.Release|Any CPU.Build.0 = Release|Any CPU
		{4A49F162-30EB-406E-B2BC-482ABB923DF7}.Debug|Any CPU.ActiveCfg = Debug|Any CPU
		{4A49F162-30EB-406E-B2BC-482ABB923DF7}.Debug|Any CPU.Build.0 = Debug|Any CPU
		{4A49F162-30EB-406E-B2BC-482ABB923DF7}.Release|Any CPU.ActiveCfg = Release|Any CPU
		{4A49F162-30EB-406E-B2BC-482ABB923DF7}.Release|Any CPU.Build.0 = Release|Any CPU
	EndGlobalSection
	GlobalSection(SolutionProperties) = preSolution
		HideSolutionNode = FALSE
	EndGlobalSection
	GlobalSection(NestedProjects) = preSolution
		{B6A946A7-1099-4940-92B2-147935AC7A95} = {F27655F5-2E1F-430A-88AE-2D047BC230DA}
		{72408FEE-D893-481B-83B4-60ECD1270B7D} = {445521B4-B869-4F0E-8852-BADC1A727D67}
		{93F5F2E9-1D22-4C98-AEAC-7CD175AD714F} = {69B045C9-4744-4785-8498-A3881B8FFFE5}
		{9E8AFD3F-51D8-4849-8A34-D2BF6CED2067} = {C9967036-5B50-4FF7-B7D9-B7499D85D600}
		{90F9D858-A42F-4B07-B6F6-99585C810C87} = {426C02B7-0F1B-4F27-BA13-806AB7E1A828}
		{D2781771-2EE9-42F7-AE57-1AFE3A3227D8} = {70EED0B6-848B-4A5D-9CEA-F837F340D609}
		{4A49F162-30EB-406E-B2BC-482ABB923DF7} = {426C02B7-0F1B-4F27-BA13-806AB7E1A828}
	EndGlobalSection
	GlobalSection(ExtensibilityGlobals) = postSolution
		SolutionGuid = {BCA078AF-D66F-4F04-A498-6BBA2BE81D3A}
	EndGlobalSection
EndGlobal
