Microsoft Visual Studio Solution File, Format Version 8.00
Project("{FAE04EC0-301F-11D3-BF4B-00C04F79EFBC}") = "GlacialList", "ListView\GlacialList.csproj", "{BF45E961-C4A7-4634-8C9C-702AA94B009A}"
	ProjectSection(ProjectDependencies) = postProject
	EndProjectSection
EndProject
Project("{FAE04EC0-301F-11D3-BF4B-00C04F79EFBC}") = "TestGlacialList", "TestGlacialList\TestGlacialList.csproj", "{3A1A58F3-6EFB-484D-84CE-150BA02130CA}"
	ProjectSection(ProjectDependencies) = postProject
	EndProjectSection
EndProject
Global
	GlobalSection(SolutionConfiguration) = preSolution
		Debug = Debug
		Release = Release
	EndGlobalSection
	GlobalSection(ProjectConfiguration) = postSolution
		{BF45E961-C4A7-4634-8C9C-702AA94B009A}.Debug.ActiveCfg = Debug|.NET
		{BF45E961-C4A7-4634-8C9C-702AA94B009A}.Debug.Build.0 = Debug|.NET
		{BF45E961-C4A7-4634-8C9C-702AA94B009A}.Release.ActiveCfg = Release|.NET
		{BF45E961-C4A7-4634-8C9C-702AA94B009A}.Release.Build.0 = Release|.NET
		{3A1A58F3-6EFB-484D-84CE-150BA02130CA}.Debug.ActiveCfg = Debug|.NET
		{3A1A58F3-6EFB-484D-84CE-150BA02130CA}.Debug.Build.0 = Debug|.NET
		{3A1A58F3-6EFB-484D-84CE-150BA02130CA}.Release.ActiveCfg = Release|.NET
		{3A1A58F3-6EFB-484D-84CE-150BA02130CA}.Release.Build.0 = Release|.NET
	EndGlobalSection
	GlobalSection(ExtensibilityGlobals) = postSolution
	EndGlobalSection
	GlobalSection(ExtensibilityAddIns) = postSolution
	EndGlobalSection
EndGlobal
