
Microsoft Visual Studio Solution File, Format Version 10.00
# Visual Studio 2008
Project("{FAE04EC0-301F-11D3-BF4B-00C04F79EFBC}") = "SummaryDataGridView", "SummaryDataGridView.csproj", "{0D83F0EA-5C69-475B-B977-BE9BC4F7C080}"
EndProject
Project("{FAE04EC0-301F-11D3-BF4B-00C04F79EFBC}") = "SummaryDataGridViewTest", "SummaryDataGridViewTest\SummaryDataGridViewTest.csproj", "{68F9AD5C-816E-4199-B502-FDBA539DA4E9}"
EndProject
Global
	GlobalSection(SolutionConfigurationPlatforms) = preSolution
		Debug|Any CPU = Debug|Any CPU
		Release|Any CPU = Release|Any CPU
	EndGlobalSection
	GlobalSection(ProjectConfigurationPlatforms) = postSolution
		{0D83F0EA-5C69-475B-B977-BE9BC4F7C080}.Debug|Any CPU.ActiveCfg = Debug|Any CPU
		{0D83F0EA-5C69-475B-B977-BE9BC4F7C080}.Debug|Any CPU.Build.0 = Debug|Any CPU
		{0D83F0EA-5C69-475B-B977-BE9BC4F7C080}.Release|Any CPU.ActiveCfg = Release|Any CPU
		{0D83F0EA-5C69-475B-B977-BE9BC4F7C080}.Release|Any CPU.Build.0 = Release|Any CPU
		{68F9AD5C-816E-4199-B502-FDBA539DA4E9}.Debug|Any CPU.ActiveCfg = Debug|Any CPU
		{68F9AD5C-816E-4199-B502-FDBA539DA4E9}.Debug|Any CPU.Build.0 = Debug|Any CPU
		{68F9AD5C-816E-4199-B502-FDBA539DA4E9}.Release|Any CPU.ActiveCfg = Release|Any CPU
		{68F9AD5C-816E-4199-B502-FDBA539DA4E9}.Release|Any CPU.Build.0 = Release|Any CPU
	EndGlobalSection
	GlobalSection(SolutionProperties) = preSolution
		HideSolutionNode = FALSE
	EndGlobalSection
EndGlobal
